// !$*UTF8*$!
{
	archiveVersion = 1;
	classes = {
	};
	objectVersion = 46;
	objects = {

/* Begin PBXBuildFile section */
		0B5050431D6FF2FC0053C8D0 /* Feed.h in Headers */ = {isa = PBXBuildFile; fileRef = 0B5050421D6FF2FC0053C8D0 /* Feed.h */; settings = {ATTRIBUTES = (Public, ); }; };
		0B50504A1D6FF2FC0053C8D0 /* Feed.framework in Frameworks */ = {isa = PBXBuildFile; fileRef = 0B50503F1D6FF2FC0053C8D0 /* Feed.framework */; };
		0B50504F1D6FF2FC0053C8D0 /* FeedTests.swift in Sources */ = {isa = PBXBuildFile; fileRef = 0B50504E1D6FF2FC0053C8D0 /* FeedTests.swift */; };
		0B50505A1D6FF30E0053C8D0 /* Feed.swift in Sources */ = {isa = PBXBuildFile; fileRef = 0B5050591D6FF30E0053C8D0 /* Feed.swift */; };
		184BD588089CAA9107533156 /* Pods_Feed.framework in Frameworks */ = {isa = PBXBuildFile; fileRef = 4C1A3BC8AC0452B22A9E506A /* Pods_Feed.framework */; };
		9308B40388355255F623ED0C /* Pods_FeedTests.framework in Frameworks */ = {isa = PBXBuildFile; fileRef = E80FEC7DD309896EC190A28D /* Pods_FeedTests.framework */; };
/* End PBXBuildFile section */

/* Begin PBXContainerItemProxy section */
		0B50504B1D6FF2FC0053C8D0 /* PBXContainerItemProxy */ = {
			isa = PBXContainerItemProxy;
			containerPortal = 0B5050361D6FF2FC0053C8D0 /* Project object */;
			proxyType = 1;
			remoteGlobalIDString = 0B50503E1D6FF2FC0053C8D0;
			remoteInfo = Feed;
		};
/* End PBXContainerItemProxy section */

/* Begin PBXFileReference section */
		0B50503F1D6FF2FC0053C8D0 /* Feed.framework */ = {isa = PBXFileReference; explicitFileType = wrapper.framework; includeInIndex = 0; path = Feed.framework; sourceTree = BUILT_PRODUCTS_DIR; };
		0B5050421D6FF2FC0053C8D0 /* Feed.h */ = {isa = PBXFileReference; lastKnownFileType = sourcecode.c.h; path = Feed.h; sourceTree = "<group>"; };
		0B5050441D6FF2FC0053C8D0 /* Info.plist */ = {isa = PBXFileReference; lastKnownFileType = text.plist.xml; path = Info.plist; sourceTree = "<group>"; };
		0B5050491D6FF2FC0053C8D0 /* FeedTests.xctest */ = {isa = PBXFileReference; explicitFileType = wrapper.cfbundle; includeInIndex = 0; path = FeedTests.xctest; sourceTree = BUILT_PRODUCTS_DIR; };
		0B50504E1D6FF2FC0053C8D0 /* FeedTests.swift */ = {isa = PBXFileReference; lastKnownFileType = sourcecode.swift; path = FeedTests.swift; sourceTree = "<group>"; };
		0B5050501D6FF2FC0053C8D0 /* Info.plist */ = {isa = PBXFileReference; lastKnownFileType = text.plist.xml; path = Info.plist; sourceTree = "<group>"; };
		0B5050591D6FF30E0053C8D0 /* Feed.swift */ = {isa = PBXFileReference; fileEncoding = 4; lastKnownFileType = sourcecode.swift; path = Feed.swift; sourceTree = "<group>"; };
		4C1A3BC8AC0452B22A9E506A /* Pods_Feed.framework */ = {isa = PBXFileReference; explicitFileType = wrapper.framework; includeInIndex = 0; path = Pods_Feed.framework; sourceTree = BUILT_PRODUCTS_DIR; };
		75C5A184677E45CF077953E2 /* Pods-FeedTests.debug.xcconfig */ = {isa = PBXFileReference; includeInIndex = 1; lastKnownFileType = text.xcconfig; name = "Pods-FeedTests.debug.xcconfig"; path = "../Pods/Target Support Files/Pods-FeedTests/Pods-FeedTests.debug.xcconfig"; sourceTree = "<group>"; };
		E80FEC7DD309896EC190A28D /* Pods_FeedTests.framework */ = {isa = PBXFileReference; explicitFileType = wrapper.framework; includeInIndex = 0; path = Pods_FeedTests.framework; sourceTree = BUILT_PRODUCTS_DIR; };
		ECD9DCCA2173E65EC0325E71 /* Pods-Feed.debug.xcconfig */ = {isa = PBXFileReference; includeInIndex = 1; lastKnownFileType = text.xcconfig; name = "Pods-Feed.debug.xcconfig"; path = "../Pods/Target Support Files/Pods-Feed/Pods-Feed.debug.xcconfig"; sourceTree = "<group>"; };
		F728B0FF608C7A4D643D18C0 /* Pods-Feed.release.xcconfig */ = {isa = PBXFileReference; includeInIndex = 1; lastKnownFileType = text.xcconfig; name = "Pods-Feed.release.xcconfig"; path = "../Pods/Target Support Files/Pods-Feed/Pods-Feed.release.xcconfig"; sourceTree = "<group>"; };
		F9AEFC506494C769CD577F30 /* Pods-FeedTests.release.xcconfig */ = {isa = PBXFileReference; includeInIndex = 1; lastKnownFileType = text.xcconfig; name = "Pods-FeedTests.release.xcconfig"; path = "../Pods/Target Support Files/Pods-FeedTests/Pods-FeedTests.release.xcconfig"; sourceTree = "<group>"; };
/* End PBXFileReference section */

/* Begin PBXFrameworksBuildPhase section */
		0B50503B1D6FF2FC0053C8D0 /* Frameworks */ = {
			isa = PBXFrameworksBuildPhase;
			buildActionMask = 2147483647;
			files = (
				184BD588089CAA9107533156 /* Pods_Feed.framework in Frameworks */,
			);
			runOnlyForDeploymentPostprocessing = 0;
		};
		0B5050461D6FF2FC0053C8D0 /* Frameworks */ = {
			isa = PBXFrameworksBuildPhase;
			buildActionMask = 2147483647;
			files = (
				0B50504A1D6FF2FC0053C8D0 /* Feed.framework in Frameworks */,
				9308B40388355255F623ED0C /* Pods_FeedTests.framework in Frameworks */,
			);
			runOnlyForDeploymentPostprocessing = 0;
		};
/* End PBXFrameworksBuildPhase section */

/* Begin PBXGroup section */
		0B5050351D6FF2FC0053C8D0 = {
			isa = PBXGroup;
			children = (
				0B5050411D6FF2FC0053C8D0 /* Feed */,
				0B50504D1D6FF2FC0053C8D0 /* FeedTests */,
				0B5050401D6FF2FC0053C8D0 /* Products */,
				BF4B8566ECE6778B789C1434 /* Pods */,
				0D489BB1E1757B4A5FA7878D /* Frameworks */,
			);
			sourceTree = "<group>";
		};
		0B5050401D6FF2FC0053C8D0 /* Products */ = {
			isa = PBXGroup;
			children = (
				0B50503F1D6FF2FC0053C8D0 /* Feed.framework */,
				0B5050491D6FF2FC0053C8D0 /* FeedTests.xctest */,
			);
			name = Products;
			sourceTree = "<group>";
		};
		0B5050411D6FF2FC0053C8D0 /* Feed */ = {
			isa = PBXGroup;
			children = (
				0B5050421D6FF2FC0053C8D0 /* Feed.h */,
				0B5050441D6FF2FC0053C8D0 /* Info.plist */,
				0B5050591D6FF30E0053C8D0 /* Feed.swift */,
			);
			path = Feed;
			sourceTree = "<group>";
		};
		0B50504D1D6FF2FC0053C8D0 /* FeedTests */ = {
			isa = PBXGroup;
			children = (
				0B50504E1D6FF2FC0053C8D0 /* FeedTests.swift */,
				0B5050501D6FF2FC0053C8D0 /* Info.plist */,
			);
			path = FeedTests;
			sourceTree = "<group>";
		};
		0D489BB1E1757B4A5FA7878D /* Frameworks */ = {
			isa = PBXGroup;
			children = (
				4C1A3BC8AC0452B22A9E506A /* Pods_Feed.framework */,
				E80FEC7DD309896EC190A28D /* Pods_FeedTests.framework */,
			);
			name = Frameworks;
			sourceTree = "<group>";
		};
		BF4B8566ECE6778B789C1434 /* Pods */ = {
			isa = PBXGroup;
			children = (
				ECD9DCCA2173E65EC0325E71 /* Pods-Feed.debug.xcconfig */,
				F728B0FF608C7A4D643D18C0 /* Pods-Feed.release.xcconfig */,
				75C5A184677E45CF077953E2 /* Pods-FeedTests.debug.xcconfig */,
				F9AEFC506494C769CD577F30 /* Pods-FeedTests.release.xcconfig */,
			);
			name = Pods;
			sourceTree = "<group>";
		};
/* End PBXGroup section */

/* Begin PBXHeadersBuildPhase section */
		0B50503C1D6FF2FC0053C8D0 /* Headers */ = {
			isa = PBXHeadersBuildPhase;
			buildActionMask = 2147483647;
			files = (
				0B5050431D6FF2FC0053C8D0 /* Feed.h in Headers */,
			);
			runOnlyForDeploymentPostprocessing = 0;
		};
/* End PBXHeadersBuildPhase section */

/* Begin PBXNativeTarget section */
		0B50503E1D6FF2FC0053C8D0 /* Feed */ = {
			isa = PBXNativeTarget;
			buildConfigurationList = 0B5050531D6FF2FC0053C8D0 /* Build configuration list for PBXNativeTarget "Feed" */;
			buildPhases = (
				BA51F0EC2F2F772B92B0C3A1 /* [CP] Check Pods Manifest.lock */,
				0B50503A1D6FF2FC0053C8D0 /* Sources */,
				0B50503B1D6FF2FC0053C8D0 /* Frameworks */,
				0B50503C1D6FF2FC0053C8D0 /* Headers */,
				0B50503D1D6FF2FC0053C8D0 /* Resources */,
				B741006F47366DD527CDCE85 /* [CP] Copy Pods Resources */,
			);
			buildRules = (
			);
			dependencies = (
			);
			name = Feed;
			productName = Feed;
			productReference = 0B50503F1D6FF2FC0053C8D0 /* Feed.framework */;
			productType = "com.apple.product-type.framework";
		};
		0B5050481D6FF2FC0053C8D0 /* FeedTests */ = {
			isa = PBXNativeTarget;
			buildConfigurationList = 0B5050561D6FF2FC0053C8D0 /* Build configuration list for PBXNativeTarget "FeedTests" */;
			buildPhases = (
				523A7FCB92D6BCF15182138D /* [CP] Check Pods Manifest.lock */,
				0B5050451D6FF2FC0053C8D0 /* Sources */,
				0B5050461D6FF2FC0053C8D0 /* Frameworks */,
				0B5050471D6FF2FC0053C8D0 /* Resources */,
				7796B886C98C0A424E70F7CD /* [CP] Embed Pods Frameworks */,
				D3BD6D9E1614D9D768D1705D /* [CP] Copy Pods Resources */,
			);
			buildRules = (
			);
			dependencies = (
				0B50504C1D6FF2FC0053C8D0 /* PBXTargetDependency */,
			);
			name = FeedTests;
			productName = FeedTests;
			productReference = 0B5050491D6FF2FC0053C8D0 /* FeedTests.xctest */;
			productType = "com.apple.product-type.bundle.unit-test";
		};
/* End PBXNativeTarget section */

/* Begin PBXProject section */
		0B5050361D6FF2FC0053C8D0 /* Project object */ = {
			isa = PBXProject;
			attributes = {
				LastSwiftUpdateCheck = 0730;
				LastUpgradeCheck = 0730;
				ORGANIZATIONNAME = "Nick Snyder";
				TargetAttributes = {
					0B50503E1D6FF2FC0053C8D0 = {
						CreatedOnToolsVersion = 7.3.1;
					};
					0B5050481D6FF2FC0053C8D0 = {
						CreatedOnToolsVersion = 7.3.1;
					};
				};
			};
			buildConfigurationList = 0B5050391D6FF2FC0053C8D0 /* Build configuration list for PBXProject "Feed" */;
			compatibilityVersion = "Xcode 3.2";
			developmentRegion = English;
			hasScannedForEncodings = 0;
			knownRegions = (
				en,
			);
			mainGroup = 0B5050351D6FF2FC0053C8D0;
			productRefGroup = 0B5050401D6FF2FC0053C8D0 /* Products */;
			projectDirPath = "";
			projectRoot = "";
			targets = (
				0B50503E1D6FF2FC0053C8D0 /* Feed */,
				0B5050481D6FF2FC0053C8D0 /* FeedTests */,
			);
		};
/* End PBXProject section */

/* Begin PBXResourcesBuildPhase section */
		0B50503D1D6FF2FC0053C8D0 /* Resources */ = {
			isa = PBXResourcesBuildPhase;
			buildActionMask = 2147483647;
			files = (
			);
			runOnlyForDeploymentPostprocessing = 0;
		};
		0B5050471D6FF2FC0053C8D0 /* Resources */ = {
			isa = PBXResourcesBuildPhase;
			buildActionMask = 2147483647;
			files = (
			);
			runOnlyForDeploymentPostprocessing = 0;
		};
/* End PBXResourcesBuildPhase section */

/* Begin PBXShellScriptBuildPhase section */
		523A7FCB92D6BCF15182138D /* [CP] Check Pods Manifest.lock */ = {
			isa = PBXShellScriptBuildPhase;
			buildActionMask = 2147483647;
			files = (
			);
			inputPaths = (
			);
			name = "[CP] Check Pods Manifest.lock";
			outputPaths = (
			);
			runOnlyForDeploymentPostprocessing = 0;
			shellPath = /bin/sh;
			shellScript = "diff \"${PODS_ROOT}/../Podfile.lock\" \"${PODS_ROOT}/Manifest.lock\" > /dev/null\nif [ $? != 0 ] ; then\n    # print error to STDERR\n    echo \"error: The sandbox is not in sync with the Podfile.lock. Run 'pod install' or update your CocoaPods installation.\" >&2\n    exit 1\nfi\n";
			showEnvVarsInLog = 0;
		};
		7796B886C98C0A424E70F7CD /* [CP] Embed Pods Frameworks */ = {
			isa = PBXShellScriptBuildPhase;
			buildActionMask = 2147483647;
			files = (
			);
			inputPaths = (
			);
			name = "[CP] Embed Pods Frameworks";
			outputPaths = (
			);
			runOnlyForDeploymentPostprocessing = 0;
			shellPath = /bin/sh;
			shellScript = "\"${SRCROOT}/../Pods/Target Support Files/Pods-FeedTests/Pods-FeedTests-frameworks.sh\"\n";
			showEnvVarsInLog = 0;
		};
		B741006F47366DD527CDCE85 /* [CP] Copy Pods Resources */ = {
			isa = PBXShellScriptBuildPhase;
			buildActionMask = 2147483647;
			files = (
			);
			inputPaths = (
			);
			name = "[CP] Copy Pods Resources";
			outputPaths = (
			);
			runOnlyForDeploymentPostprocessing = 0;
			shellPath = /bin/sh;
			shellScript = "\"${SRCROOT}/../Pods/Target Support Files/Pods-Feed/Pods-Feed-resources.sh\"\n";
			showEnvVarsInLog = 0;
		};
		BA51F0EC2F2F772B92B0C3A1 /* [CP] Check Pods Manifest.lock */ = {
			isa = PBXShellScriptBuildPhase;
			buildActionMask = 2147483647;
			files = (
			);
			inputPaths = (
			);
			name = "[CP] Check Pods Manifest.lock";
			outputPaths = (
			);
			runOnlyForDeploymentPostprocessing = 0;
			shellPath = /bin/sh;
			shellScript = "diff \"${PODS_ROOT}/../Podfile.lock\" \"${PODS_ROOT}/Manifest.lock\" > /dev/null\nif [ $? != 0 ] ; then\n    # print error to STDERR\n    echo \"error: The sandbox is not in sync with the Podfile.lock. Run 'pod install' or update your CocoaPods installation.\" >&2\n    exit 1\nfi\n";
			showEnvVarsInLog = 0;
		};
		D3BD6D9E1614D9D768D1705D /* [CP] Copy Pods Resources */ = {
			isa = PBXShellScriptBuildPhase;
			buildActionMask = 2147483647;
			files = (
			);
			inputPaths = (
			);
			name = "[CP] Copy Pods Resources";
			outputPaths = (
			);
			runOnlyForDeploymentPostprocessing = 0;
			shellPath = /bin/sh;
			shellScript = "\"${SRCROOT}/../Pods/Target Support Files/Pods-FeedTests/Pods-FeedTests-resources.sh\"\n";
			showEnvVarsInLog = 0;
		};
/* End PBXShellScriptBuildPhase section */

/* Begin PBXSourcesBuildPhase section */
		0B50503A1D6FF2FC0053C8D0 /* Sources */ = {
			isa = PBXSourcesBuildPhase;
			buildActionMask = 2147483647;
			files = (
				0B50505A1D6FF30E0053C8D0 /* Feed.swift in Sources */,
			);
			runOnlyForDeploymentPostprocessing = 0;
		};
		0B5050451D6FF2FC0053C8D0 /* Sources */ = {
			isa = PBXSourcesBuildPhase;
			buildActionMask = 2147483647;
			files = (
				0B50504F1D6FF2FC0053C8D0 /* FeedTests.swift in Sources */,
			);
			runOnlyForDeploymentPostprocessing = 0;
		};
/* End PBXSourcesBuildPhase section */

/* Begin PBXTargetDependency section */
		0B50504C1D6FF2FC0053C8D0 /* PBXTargetDependency */ = {
			isa = PBXTargetDependency;
			target = 0B50503E1D6FF2FC0053C8D0 /* Feed */;
			targetProxy = 0B50504B1D6FF2FC0053C8D0 /* PBXContainerItemProxy */;
		};
/* End PBXTargetDependency section */

/* Begin XCBuildConfiguration section */
		0B5050511D6FF2FC0053C8D0 /* Debug */ = {
			isa = XCBuildConfiguration;
			buildSettings = {
				ALWAYS_SEARCH_USER_PATHS = NO;
				CLANG_ANALYZER_NONNULL = YES;
				CLANG_CXX_LANGUAGE_STANDARD = "gnu++0x";
				CLANG_CXX_LIBRARY = "libc++";
				CLANG_ENABLE_MODULES = YES;
				CLANG_ENABLE_OBJC_ARC = YES;
				CLANG_WARN_BOOL_CONVERSION = YES;
				CLANG_WARN_CONSTANT_CONVERSION = YES;
				CLANG_WARN_DIRECT_OBJC_ISA_USAGE = YES_ERROR;
				CLANG_WARN_EMPTY_BODY = YES;
				CLANG_WARN_ENUM_CONVERSION = YES;
				CLANG_WARN_INT_CONVERSION = YES;
				CLANG_WARN_OBJC_ROOT_CLASS = YES_ERROR;
				CLANG_WARN_UNREACHABLE_CODE = YES;
				CLANG_WARN__DUPLICATE_METHOD_MATCH = YES;
				"CODE_SIGN_IDENTITY[sdk=iphoneos*]" = "iPhone Developer";
				COPY_PHASE_STRIP = NO;
				CURRENT_PROJECT_VERSION = 1;
				DEBUG_INFORMATION_FORMAT = dwarf;
				ENABLE_STRICT_OBJC_MSGSEND = YES;
				ENABLE_TESTABILITY = YES;
				GCC_C_LANGUAGE_STANDARD = gnu99;
				GCC_DYNAMIC_NO_PIC = NO;
				GCC_NO_COMMON_BLOCKS = YES;
				GCC_OPTIMIZATION_LEVEL = 0;
				GCC_PREPROCESSOR_DEFINITIONS = (
					"DEBUG=1",
					"$(inherited)",
				);
				GCC_WARN_64_TO_32_BIT_CONVERSION = YES;
				GCC_WARN_ABOUT_RETURN_TYPE = YES_ERROR;
				GCC_WARN_UNDECLARED_SELECTOR = YES;
				GCC_WARN_UNINITIALIZED_AUTOS = YES_AGGRESSIVE;
				GCC_WARN_UNUSED_FUNCTION = YES;
				GCC_WARN_UNUSED_VARIABLE = YES;
				IPHONEOS_DEPLOYMENT_TARGET = 9.3;
				MTL_ENABLE_DEBUG_INFO = YES;
				ONLY_ACTIVE_ARCH = YES;
				SDKROOT = iphoneos;
				SWIFT_OPTIMIZATION_LEVEL = "-Onone";
				TARGETED_DEVICE_FAMILY = "1,2";
				VERSIONING_SYSTEM = "apple-generic";
				VERSION_INFO_PREFIX = "";
			};
			name = Debug;
		};
		0B5050521D6FF2FC0053C8D0 /* Release */ = {
			isa = XCBuildConfiguration;
			buildSettings = {
				ALWAYS_SEARCH_USER_PATHS = NO;
				CLANG_ANALYZER_NONNULL = YES;
				CLANG_CXX_LANGUAGE_STANDARD = "gnu++0x";
				CLANG_CXX_LIBRARY = "libc++";
				CLANG_ENABLE_MODULES = YES;
				CLANG_ENABLE_OBJC_ARC = YES;
				CLANG_WARN_BOOL_CONVERSION = YES;
				CLANG_WARN_CONSTANT_CONVERSION = YES;
				CLANG_WARN_DIRECT_OBJC_ISA_USAGE = YES_ERROR;
				CLANG_WARN_EMPTY_BODY = YES;
				CLANG_WARN_ENUM_CONVERSION = YES;
				CLANG_WARN_INT_CONVERSION = YES;
				CLANG_WARN_OBJC_ROOT_CLASS = YES_ERROR;
				CLANG_WARN_UNREACHABLE_CODE = YES;
				CLANG_WARN__DUPLICATE_METHOD_MATCH = YES;
				"CODE_SIGN_IDENTITY[sdk=iphoneos*]" = "iPhone Developer";
				COPY_PHASE_STRIP = NO;
				CURRENT_PROJECT_VERSION = 1;
				DEBUG_INFORMATION_FORMAT = "dwarf-with-dsym";
				ENABLE_NS_ASSERTIONS = NO;
				ENABLE_STRICT_OBJC_MSGSEND = YES;
				GCC_C_LANGUAGE_STANDARD = gnu99;
				GCC_NO_COMMON_BLOCKS = YES;
				GCC_WARN_64_TO_32_BIT_CONVERSION = YES;
				GCC_WARN_ABOUT_RETURN_TYPE = YES_ERROR;
				GCC_WARN_UNDECLARED_SELECTOR = YES;
				GCC_WARN_UNINITIALIZED_AUTOS = YES_AGGRESSIVE;
				GCC_WARN_UNUSED_FUNCTION = YES;
				GCC_WARN_UNUSED_VARIABLE = YES;
				IPHONEOS_DEPLOYMENT_TARGET = 9.3;
				MTL_ENABLE_DEBUG_INFO = NO;
				SDKROOT = iphoneos;
				TARGETED_DEVICE_FAMILY = "1,2";
				VALIDATE_PRODUCT = YES;
				VERSIONING_SYSTEM = "apple-generic";
				VERSION_INFO_PREFIX = "";
			};
			name = Release;
		};
		0B5050541D6FF2FC0053C8D0 /* Debug */ = {
			isa = XCBuildConfiguration;
			baseConfigurationReference = ECD9DCCA2173E65EC0325E71 /* Pods-Feed.debug.xcconfig */;
			buildSettings = {
				CLANG_ENABLE_MODULES = YES;
				DEFINES_MODULE = YES;
				DYLIB_COMPATIBILITY_VERSION = 1;
				DYLIB_CURRENT_VERSION = 1;
				DYLIB_INSTALL_NAME_BASE = "@rpath";
				INFOPLIST_FILE = Feed/Info.plist;
				INSTALL_PATH = "$(LOCAL_LIBRARY_DIR)/Frameworks";
				LD_RUNPATH_SEARCH_PATHS = "$(inherited) @executable_path/Frameworks @loader_path/Frameworks";
				PRODUCT_BUNDLE_IDENTIFIER = com.nickdsnyder.Feed;
				PRODUCT_NAME = "$(TARGET_NAME)";
				SKIP_INSTALL = YES;
				SWIFT_OPTIMIZATION_LEVEL = "-Onone";
			};
			name = Debug;
		};
		0B5050551D6FF2FC0053C8D0 /* Release */ = {
			isa = XCBuildConfiguration;
			baseConfigurationReference = F728B0FF608C7A4D643D18C0 /* Pods-Feed.release.xcconfig */;
			buildSettings = {
				CLANG_ENABLE_MODULES = YES;
				DEFINES_MODULE = YES;
				DYLIB_COMPATIBILITY_VERSION = 1;
				DYLIB_CURRENT_VERSION = 1;
				DYLIB_INSTALL_NAME_BASE = "@rpath";
				INFOPLIST_FILE = Feed/Info.plist;
				INSTALL_PATH = "$(LOCAL_LIBRARY_DIR)/Frameworks";
				LD_RUNPATH_SEARCH_PATHS = "$(inherited) @executable_path/Frameworks @loader_path/Frameworks";
				PRODUCT_BUNDLE_IDENTIFIER = com.nickdsnyder.Feed;
				PRODUCT_NAME = "$(TARGET_NAME)";
				SKIP_INSTALL = YES;
			};
			name = Release;
		};
		0B5050571D6FF2FC0053C8D0 /* Debug */ = {
			isa = XCBuildConfiguration;
			baseConfigurationReference = 75C5A184677E45CF077953E2 /* Pods-FeedTests.debug.xcconfig */;
			buildSettings = {
				INFOPLIST_FILE = FeedTests/Info.plist;
				LD_RUNPATH_SEARCH_PATHS = "$(inherited) @executable_path/Frameworks @loader_path/Frameworks";
				PRODUCT_BUNDLE_IDENTIFIER = com.nickdsnyder.FeedTests;
				PRODUCT_NAME = "$(TARGET_NAME)";
			};
			name = Debug;
		};
		0B5050581D6FF2FC0053C8D0 /* Release */ = {
			isa = XCBuildConfiguration;
			baseConfigurationReference = F9AEFC506494C769CD577F30 /* Pods-FeedTests.release.xcconfig */;
			buildSettings = {
				INFOPLIST_FILE = FeedTests/Info.plist;
				LD_RUNPATH_SEARCH_PATHS = "$(inherited) @executable_path/Frameworks @loader_path/Frameworks";
				PRODUCT_BUNDLE_IDENTIFIER = com.nickdsnyder.FeedTests;
				PRODUCT_NAME = "$(TARGET_NAME)";
			};
			name = Release;
		};
/* End XCBuildConfiguration section */

/* Begin XCConfigurationList section */
		0B5050391D6FF2FC0053C8D0 /* Build configuration list for PBXProject "Feed" */ = {
			isa = XCConfigurationList;
			buildConfigurations = (
				0B5050511D6FF2FC0053C8D0 /* Debug */,
				0B5050521D6FF2FC0053C8D0 /* Release */,
			);
			defaultConfigurationIsVisible = 0;
			defaultConfigurationName = Release;
		};
		0B5050531D6FF2FC0053C8D0 /* Build configuration list for PBXNativeTarget "Feed" */ = {
			isa = XCConfigurationList;
			buildConfigurations = (
				0B5050541D6FF2FC0053C8D0 /* Debug */,
				0B5050551D6FF2FC0053C8D0 /* Release */,
			);
			defaultConfigurationIsVisible = 0;
			defaultConfigurationName = Release;
		};
		0B5050561D6FF2FC0053C8D0 /* Build configuration list for PBXNativeTarget "FeedTests" */ = {
			isa = XCConfigurationList;
			buildConfigurations = (
				0B5050571D6FF2FC0053C8D0 /* Debug */,
				0B5050581D6FF2FC0053C8D0 /* Release */,
			);
			defaultConfigurationIsVisible = 0;
			defaultConfigurationName = Release;
		};
/* End XCConfigurationList section */
	};
	rootObject = 0B5050361D6FF2FC0053C8D0 /* Project object */;
}
